// !$*UTF8*$!
{
	archiveVersion = 1;
	classes = {
	};
	objectVersion = 50;
	objects = {

/* Begin PBXBuildFile section */
		EBFAF0C621255E4E00DB0D79 /* AppDelegate.m in Sources */ = {isa = PBXBuildFile; fileRef = EBFAF0C521255E4E00DB0D79 /* AppDelegate.m */; };
		EBFAF0C921255E4E00DB0D79 /* ViewController.m in Sources */ = {isa = PBXBuildFile; fileRef = EBFAF0C821255E4E00DB0D79 /* ViewController.m */; };
		EBFAF0CC21255E4E00DB0D79 /* Main.storyboard in Resources */ = {isa = PBXBuildFile; fileRef = EBFAF0CA21255E4E00DB0D79 /* Main.storyboard */; };
		EBFAF0CE21255E5000DB0D79 /* Assets.xcassets in Resources */ = {isa = PBXBuildFile; fileRef = EBFAF0CD21255E5000DB0D79 /* Assets.xcassets */; };
		EBFAF0D121255E5000DB0D79 /* LaunchScreen.storyboard in Resources */ = {isa = PBXBuildFile; fileRef = EBFAF0CF21255E5000DB0D79 /* LaunchScreen.storyboard */; };
		EBFAF0D421255E5000DB0D79 /* main.m in Sources */ = {isa = PBXBuildFile; fileRef = EBFAF0D321255E5000DB0D79 /* main.m */; };
/* End PBXBuildFile section */

/* Begin PBXFileReference section */
		EBFAF0C121255E4E00DB0D79 /* TestCrossProPOD.app */ = {isa = PBXFileReference; explicitFileType = wrapper.application; includeInIndex = 0; path = TestCrossProPOD.app; sourceTree = BUILT_PRODUCTS_DIR; };
		EBFAF0C421255E4E00DB0D79 /* AppDelegate.h */ = {isa = PBXFileReference; lastKnownFileType = sourcecode.c.h; path = AppDelegate.h; sourceTree = "<group>"; };
		EBFAF0C521255E4E00DB0D79 /* AppDelegate.m */ = {isa = PBXFileReference; lastKnownFileType = sourcecode.c.objc; path = AppDelegate.m; sourceTree = "<group>"; };
		EBFAF0C721255E4E00DB0D79 /* ViewController.h */ = {isa = PBXFileReference; lastKnownFileType = sourcecode.c.h; path = ViewController.h; sourceTree = "<group>"; };
		EBFAF0C821255E4E00DB0D79 /* ViewController.m */ = {isa = PBXFileReference; lastKnownFileType = sourcecode.c.objc; path = ViewController.m; sourceTree = "<group>"; };
		EBFAF0CB21255E4E00DB0D79 /* Base */ = {isa = PBXFileReference; lastKnownFileType = file.storyboard; name = Base; path = Base.lproj/Main.storyboard; sourceTree = "<group>"; };
		EBFAF0CD21255E5000DB0D79 /* Assets.xcassets */ = {isa = PBXFileReference; lastKnownFileType = folder.assetcatalog; path = Assets.xcassets; sourceTree = "<group>"; };
		EBFAF0D021255E5000DB0D79 /* Base */ = {isa = PBXFileReference; lastKnownFileType = file.storyboard; name = Base; path = Base.lproj/LaunchScreen.storyboard; sourceTree = "<group>"; };
		EBFAF0D221255E5000DB0D79 /* Info.plist */ = {isa = PBXFileReference; lastKnownFileType = text.plist.xml; path = Info.plist; sourceTree = "<group>"; };
		EBFAF0D321255E5000DB0D79 /* main.m */ = {isa = PBXFileReference; lastKnownFileType = sourcecode.c.objc; path = main.m; sourceTree = "<group>"; };
/* End PBXFileReference section */

/* Begin PBXFrameworksBuildPhase section */
		EBFAF0BE21255E4E00DB0D79 /* Frameworks */ = {
			isa = PBXFrameworksBuildPhase;
			buildActionMask = 2147483647;
			files = (
			);
			runOnlyForDeploymentPostprocessing = 0;
		};
/* End PBXFrameworksBuildPhase section */

/* Begin PBXGroup section */
		EBFAF0B821255E4E00DB0D79 = {
			isa = PBXGroup;
			children = (
				EBFAF0C321255E4E00DB0D79 /* TestCrossProPOD */,
				EBFAF0C221255E4E00DB0D79 /* Products */,
			);
			sourceTree = "<group>";
		};
		EBFAF0C221255E4E00DB0D79 /* Products */ = {
			isa = PBXGroup;
			children = (
				EBFAF0C121255E4E00DB0D79 /* TestCrossProPOD.app */,
			);
			name = Products;
			sourceTree = "<group>";
		};
		EBFAF0C321255E4E00DB0D79 /* TestCrossProPOD */ = {
			isa = PBXGroup;
			children = (
				EBFAF0C421255E4E00DB0D79 /* AppDelegate.h */,
				EBFAF0C521255E4E00DB0D79 /* AppDelegate.m */,
				EBFAF0C721255E4E00DB0D79 /* ViewController.h */,
				EBFAF0C821255E4E00DB0D79 /* ViewController.m */,
				EBFAF0CA21255E4E00DB0D79 /* Main.storyboard */,
				EBFAF0CD21255E5000DB0D79 /* Assets.xcassets */,
				EBFAF0CF21255E5000DB0D79 /* LaunchScreen.storyboard */,
				EBFAF0D221255E5000DB0D79 /* Info.plist */,
				EBFAF0D321255E5000DB0D79 /* main.m */,
			);
			path = TestCrossProPOD;
			sourceTree = "<group>";
		};
/* End PBXGroup section */

/* Begin PBXNativeTarget section */
		EBFAF0C021255E4E00DB0D79 /* TestCrossProPOD */ = {
			isa = PBXNativeTarget;
			buildConfigurationList = EBFAF0D721255E5000DB0D79 /* Build configuration list for PBXNativeTarget "TestCrossProPOD" */;
			buildPhases = (
				EBFAF0BD21255E4E00DB0D79 /* Sources */,
				EBFAF0BE21255E4E00DB0D79 /* Frameworks */,
				EBFAF0BF21255E4E00DB0D79 /* Resources */,
			);
			buildRules = (
			);
			dependencies = (
			);
			name = TestCrossProPOD;
			productName = TestCrossProPOD;
			productReference = EBFAF0C121255E4E00DB0D79 /* TestCrossProPOD.app */;
			productType = "com.apple.product-type.application";
		};
/* End PBXNativeTarget section */

/* Begin PBXProject section */
		EBFAF0B921255E4E00DB0D79 /* Project object */ = {
			isa = PBXProject;
			attributes = {
				LastUpgradeCheck = 0930;
				ORGANIZATIONNAME = "Kumar Abnit";
				TargetAttributes = {
					EBFAF0C021255E4E00DB0D79 = {
						CreatedOnToolsVersion = 9.3;
					};
				};
			};
			buildConfigurationList = EBFAF0BC21255E4E00DB0D79 /* Build configuration list for PBXProject "TestCrossProPOD" */;
			compatibilityVersion = "Xcode 9.3";
			developmentRegion = en;
			hasScannedForEncodings = 0;
			knownRegions = (
				en,
				Base,
			);
			mainGroup = EBFAF0B821255E4E00DB0D79;
			productRefGroup = EBFAF0C221255E4E00DB0D79 /* Products */;
			projectDirPath = "";
			projectRoot = "";
			targets = (
				EBFAF0C021255E4E00DB0D79 /* TestCrossProPOD */,
			);
		};
/* End PBXProject section */

/* Begin PBXResourcesBuildPhase section */
		EBFAF0BF21255E4E00DB0D79 /* Resources */ = {
			isa = PBXResourcesBuildPhase;
			buildActionMask = 2147483647;
			files = (
				EBFAF0D121255E5000DB0D79 /* LaunchScreen.storyboard in Resources */,
				EBFAF0CE21255E5000DB0D79 /* Assets.xcassets in Resources */,
				EBFAF0CC21255E4E00DB0D79 /* Main.storyboard in Resources */,
			);
			runOnlyForDeploymentPostprocessing = 0;
		};
/* End PBXResourcesBuildPhase section */

/* Begin PBXSourcesBuildPhase section */
		EBFAF0BD21255E4E00DB0D79 /* Sources */ = {
			isa = PBXSourcesBuildPhase;
			buildActionMask = 2147483647;
			files = (
				EBFAF0C921255E4E00DB0D79 /* ViewController.m in Sources */,
				EBFAF0D421255E5000DB0D79 /* main.m in Sources */,
				EBFAF0C621255E4E00DB0D79 /* AppDelegate.m in Sources */,
			);
			runOnlyForDeploymentPostprocessing = 0;
		};
/* End PBXSourcesBuildPhase section */

/* Begin PBXVariantGroup section */
		EBFAF0CA21255E4E00DB0D79 /* Main.storyboard */ = {
			isa = PBXVariantGroup;
			children = (
				EBFAF0CB21255E4E00DB0D79 /* Base */,
			);
			name = Main.storyboard;
			sourceTree = "<group>";
		};
		EBFAF0CF21255E5000DB0D79 /* LaunchScreen.storyboard */ = {
			isa = PBXVariantGroup;
			children = (
				EBFAF0D021255E5000DB0D79 /* Base */,
			);
			name = LaunchScreen.storyboard;
			sourceTree = "<group>";
		};
/* End PBXVariantGroup section */

/* Begin XCBuildConfiguration section */
		EBFAF0D521255E5000DB0D79 /* Debug */ = {
			isa = XCBuildConfiguration;
			buildSettings = {
				ALWAYS_SEARCH_USER_PATHS = NO;
				CLANG_ANALYZER_NONNULL = YES;
				CLANG_ANALYZER_NUMBER_OBJECT_CONVERSION = YES_AGGRESSIVE;
				CLANG_CXX_LANGUAGE_STANDARD = "gnu++14";
				CLANG_CXX_LIBRARY = "libc++";
				CLANG_ENABLE_MODULES = YES;
				CLANG_ENABLE_OBJC_ARC = YES;
				CLANG_ENABLE_OBJC_WEAK = YES;
				CLANG_WARN_BLOCK_CAPTURE_AUTORELEASING = YES;
				CLANG_WARN_BOOL_CONVERSION = YES;
				CLANG_WARN_COMMA = YES;
				CLANG_WARN_CONSTANT_CONVERSION = YES;
				CLANG_WARN_DEPRECATED_OBJC_IMPLEMENTATIONS = YES;
				CLANG_WARN_DIRECT_OBJC_ISA_USAGE = YES_ERROR;
				CLANG_WARN_DOCUMENTATION_COMMENTS = YES;
				CLANG_WARN_EMPTY_BODY = YES;
				CLANG_WARN_ENUM_CONVERSION = YES;
				CLANG_WARN_INFINITE_RECURSION = YES;
				CLANG_WARN_INT_CONVERSION = YES;
				CLANG_WARN_NON_LITERAL_NULL_CONVERSION = YES;
				CLANG_WARN_OBJC_IMPLICIT_RETAIN_SELF = YES;
				CLANG_WARN_OBJC_LITERAL_CONVERSION = YES;
				CLANG_WARN_OBJC_ROOT_CLASS = YES_ERROR;
				CLANG_WARN_RANGE_LOOP_ANALYSIS = YES;
				CLANG_WARN_STRICT_PROTOTYPES = YES;
				CLANG_WARN_SUSPICIOUS_MOVE = YES;
				CLANG_WARN_UNGUARDED_AVAILABILITY = YES_AGGRESSIVE;
				CLANG_WARN_UNREACHABLE_CODE = YES;
				CLANG_WARN__DUPLICATE_METHOD_MATCH = YES;
				CODE_SIGN_IDENTITY = "iPhone Developer";
				COPY_PHASE_STRIP = NO;
				DEBUG_INFORMATION_FORMAT = dwarf;
				ENABLE_STRICT_OBJC_MSGSEND = YES;
				ENABLE_TESTABILITY = YES;
				GCC_C_LANGUAGE_STANDARD = gnu11;
				GCC_DYNAMIC_NO_PIC = NO;
				GCC_NO_COMMON_BLOCKS = YES;
				GCC_OPTIMIZATION_LEVEL = 0;
				GCC_PREPROCESSOR_DEFINITIONS = (
					"DEBUG=1",
					"$(inherited)",
				);
				GCC_WARN_64_TO_32_BIT_CONVERSION = YES;
				GCC_WARN_ABOUT_RETURN_TYPE = YES_ERROR;
				GCC_WARN_UNDECLARED_SELECTOR = YES;
				GCC_WARN_UNINITIALIZED_AUTOS = YES_AGGRESSIVE;
				GCC_WARN_UNUSED_FUNCTION = YES;
				GCC_WARN_UNUSED_VARIABLE = YES;
				IPHONEOS_DEPLOYMENT_TARGET = 11.3;
				MTL_ENABLE_DEBUG_INFO = YES;
				ONLY_ACTIVE_ARCH = YES;
				SDKROOT = iphoneos;
			};
			name = Debug;
		};
		EBFAF0D621255E5000DB0D79 /* Release */ = {
			isa = XCBuildConfiguration;
			buildSettings = {
				ALWAYS_SEARCH_USER_PATHS = NO;
				CLANG_ANALYZER_NONNULL = YES;
				CLANG_ANALYZER_NUMBER_OBJECT_CONVERSION = YES_AGGRESSIVE;
				CLANG_CXX_LANGUAGE_STANDARD = "gnu++14";
				CLANG_CXX_LIBRARY = "libc++";
				CLANG_ENABLE_MODULES = YES;
				CLANG_ENABLE_OBJC_ARC = YES;
				CLANG_ENABLE_OBJC_WEAK = YES;
				CLANG_WARN_BLOCK_CAPTURE_AUTORELEASING = YES;
				CLANG_WARN_BOOL_CONVERSION = YES;
				CLANG_WARN_COMMA = YES;
				CLANG_WARN_CONSTANT_CONVERSION = YES;
				CLANG_WARN_DEPRECATED_OBJC_IMPLEMENTATIONS = YES;
				CLANG_WARN_DIRECT_OBJC_ISA_USAGE = YES_ERROR;
				CLANG_WARN_DOCUMENTATION_COMMENTS = YES;
				CLANG_WARN_EMPTY_BODY = YES;
				CLANG_WARN_ENUM_CONVERSION = YES;
				CLANG_WARN_INFINITE_RECURSION = YES;
				CLANG_WARN_INT_CONVERSION = YES;
				CLANG_WARN_NON_LITERAL_NULL_CONVERSION = YES;
				CLANG_WARN_OBJC_IMPLICIT_RETAIN_SELF = YES;
				CLANG_WARN_OBJC_LITERAL_CONVERSION = YES;
				CLANG_WARN_OBJC_ROOT_CLASS = YES_ERROR;
				CLANG_WARN_RANGE_LOOP_ANALYSIS = YES;
				CLANG_WARN_STRICT_PROTOTYPES = YES;
				CLANG_WARN_SUSPICIOUS_MOVE = YES;
				CLANG_WARN_UNGUARDED_AVAILABILITY = YES_AGGRESSIVE;
				CLANG_WARN_UNREACHABLE_CODE = YES;
				CLANG_WARN__DUPLICATE_METHOD_MATCH = YES;
				CODE_SIGN_IDENTITY = "iPhone Developer";
				COPY_PHASE_STRIP = NO;
				DEBUG_INFORMATION_FORMAT = "dwarf-with-dsym";
				ENABLE_NS_ASSERTIONS = NO;
				ENABLE_STRICT_OBJC_MSGSEND = YES;
				GCC_C_LANGUAGE_STANDARD = gnu11;
				GCC_NO_COMMON_BLOCKS = YES;
				GCC_WARN_64_TO_32_BIT_CONVERSION = YES;
				GCC_WARN_ABOUT_RETURN_TYPE = YES_ERROR;
				GCC_WARN_UNDECLARED_SELECTOR = YES;
				GCC_WARN_UNINITIALIZED_AUTOS = YES_AGGRESSIVE;
				GCC_WARN_UNUSED_FUNCTION = YES;
				GCC_WARN_UNUSED_VARIABLE = YES;
				IPHONEOS_DEPLOYMENT_TARGET = 11.3;
				MTL_ENABLE_DEBUG_INFO = NO;
				SDKROOT = iphoneos;
				VALIDATE_PRODUCT = YES;
			};
			name = Release;
		};
		EBFAF0D821255E5000DB0D79 /* Debug */ = {
			isa = XCBuildConfiguration;
			buildSettings = {
				ASSETCATALOG_COMPILER_APPICON_NAME = AppIcon;
				CODE_SIGN_STYLE = Automatic;
				INFOPLIST_FILE = TestCrossProPOD/Info.plist;
				LD_RUNPATH_SEARCH_PATHS = (
					"$(inherited)",
					"@executable_path/Frameworks",
				);
				PRODUCT_BUNDLE_IDENTIFIER = com.TestCrossProPOD;
				PRODUCT_NAME = "$(TARGET_NAME)";
				TARGETED_DEVICE_FAMILY = "1,2";
			};
			name = Debug;
		};
		EBFAF0D921255E5000DB0D79 /* Release */ = {
			isa = XCBuildConfiguration;
			buildSettings = {
				ASSETCATALOG_COMPILER_APPICON_NAME = AppIcon;
				CODE_SIGN_STYLE = Automatic;
				INFOPLIST_FILE = TestCrossProPOD/Info.plist;
				LD_RUNPATH_SEARCH_PATHS = (
					"$(inherited)",
					"@executable_path/Frameworks",
				);
				PRODUCT_BUNDLE_IDENTIFIER = com.TestCrossProPOD;
				PRODUCT_NAME = "$(TARGET_NAME)";
				TARGETED_DEVICE_FAMILY = "1,2";
			};
			name = Release;
		};
/* End XCBuildConfiguration section */

/* Begin XCConfigurationList section */
		EBFAF0BC21255E4E00DB0D79 /* Build configuration list for PBXProject "TestCrossProPOD" */ = {
			isa = XCConfigurationList;
			buildConfigurations = (
				EBFAF0D521255E5000DB0D79 /* Debug */,
				EBFAF0D621255E5000DB0D79 /* Release */,
			);
			defaultConfigurationIsVisible = 0;
			defaultConfigurationName = Release;
		};
		EBFAF0D721255E5000DB0D79 /* Build configuration list for PBXNativeTarget "TestCrossProPOD" */ = {
			isa = XCConfigurationList;
			buildConfigurations = (
				EBFAF0D821255E5000DB0D79 /* Debug */,
				EBFAF0D921255E5000DB0D79 /* Release */,
			);
			defaultConfigurationIsVisible = 0;
			defaultConfigurationName = Release;
		};
/* End XCConfigurationList section */
	};
	rootObject = EBFAF0B921255E4E00DB0D79 /* Project object */;
}
